// !$*UTF8*$!
{
	archiveVersion = 1;
	classes = {
	};
	objectVersion = 48;
	objects = {

/* Begin PBXBuildFile section */
		A9DE6CD42058F62000EF2D28 /* AppDelegate.swift in Sources */ = {isa = PBXBuildFile; fileRef = A9DE6CD32058F62000EF2D28 /* AppDelegate.swift */; };
		A9DE6CDB2058F62000EF2D28 /* Assets.xcassets in Resources */ = {isa = PBXBuildFile; fileRef = A9DE6CDA2058F62000EF2D28 /* Assets.xcassets */; };
		A9DE6CE92058F62000EF2D28 /* SZ_Swift_weiboTests.swift in Sources */ = {isa = PBXBuildFile; fileRef = A9DE6CE82058F62000EF2D28 /* SZ_Swift_weiboTests.swift */; };
		A9DE6CF42058F62000EF2D28 /* SZ_Swift_weiboUITests.swift in Sources */ = {isa = PBXBuildFile; fileRef = A9DE6CF32058F62000EF2D28 /* SZ_Swift_weiboUITests.swift */; };
		A9DE6D202058FEBA00EF2D28 /* WBHomeViewController.swift in Sources */ = {isa = PBXBuildFile; fileRef = A9DE6D042058FEBA00EF2D28 /* WBHomeViewController.swift */; };
		A9DE6D212058FEBA00EF2D28 /* WBDiscoverViewController.swift in Sources */ = {isa = PBXBuildFile; fileRef = A9DE6D062058FEBA00EF2D28 /* WBDiscoverViewController.swift */; };
		A9DE6D222058FEBA00EF2D28 /* WBMessageViewController.swift in Sources */ = {isa = PBXBuildFile; fileRef = A9DE6D082058FEBA00EF2D28 /* WBMessageViewController.swift */; };
		A9DE6D232058FEBA00EF2D28 /* WBProfileViewController.swift in Sources */ = {isa = PBXBuildFile; fileRef = A9DE6D0A2058FEBA00EF2D28 /* WBProfileViewController.swift */; };
		A9DE6D242058FEBA00EF2D28 /* WBVistorView.swift in Sources */ = {isa = PBXBuildFile; fileRef = A9DE6D0D2058FEBA00EF2D28 /* WBVistorView.swift */; };
		A9DE6D252058FEBA00EF2D28 /* WBBaseViewController.swift in Sources */ = {isa = PBXBuildFile; fileRef = A9DE6D0E2058FEBA00EF2D28 /* WBBaseViewController.swift */; };
		A9DE6D262058FEBA00EF2D28 /* WBDemoViewController.swift in Sources */ = {isa = PBXBuildFile; fileRef = A9DE6D102058FEBA00EF2D28 /* WBDemoViewController.swift */; };
		A9DE6D272058FEBA00EF2D28 /* WBMainViewController.swift in Sources */ = {isa = PBXBuildFile; fileRef = A9DE6D122058FEBA00EF2D28 /* WBMainViewController.swift */; };
		A9DE6D282058FEBA00EF2D28 /* main.json in Resources */ = {isa = PBXBuildFile; fileRef = A9DE6D132058FEBA00EF2D28 /* main.json */; };
		A9DE6D292058FEBA00EF2D28 /* WBNavigationController.swift in Sources */ = {isa = PBXBuildFile; fileRef = A9DE6D142058FEBA00EF2D28 /* WBNavigationController.swift */; };
		A9DE6D2A2058FEBA00EF2D28 /* UIImageView+Extension.swift in Sources */ = {isa = PBXBuildFile; fileRef = A9DE6D192058FEBA00EF2D28 /* UIImageView+Extension.swift */; };
		A9DE6D2B2058FEBA00EF2D28 /* UILabel+Extension.swift in Sources */ = {isa = PBXBuildFile; fileRef = A9DE6D1A2058FEBA00EF2D28 /* UILabel+Extension.swift */; };
		A9DE6D2C2058FEBA00EF2D28 /* UIButton+Extension.swift in Sources */ = {isa = PBXBuildFile; fileRef = A9DE6D1B2058FEBA00EF2D28 /* UIButton+Extension.swift */; };
		A9DE6D2D2058FEBA00EF2D28 /* UIColor+Extensions.swift in Sources */ = {isa = PBXBuildFile; fileRef = A9DE6D1C2058FEBA00EF2D28 /* UIColor+Extensions.swift */; };
		A9DE6D2E2058FEBA00EF2D28 /* UIScreen+Extension.swift in Sources */ = {isa = PBXBuildFile; fileRef = A9DE6D1D2058FEBA00EF2D28 /* UIScreen+Extension.swift */; };
		A9DE6D2F2058FEBA00EF2D28 /* Bundle+Extentions.swift in Sources */ = {isa = PBXBuildFile; fileRef = A9DE6D1E2058FEBA00EF2D28 /* Bundle+Extentions.swift */; };
		A9DE6D302058FEBA00EF2D28 /* UIBarButtonItem+Extension.swift in Sources */ = {isa = PBXBuildFile; fileRef = A9DE6D1F2058FEBA00EF2D28 /* UIBarButtonItem+Extension.swift */; };
		A9DE6D3E20590AB600EF2D28 /* UIView+YTAddClickedEvent.m in Sources */ = {isa = PBXBuildFile; fileRef = A9DE6D3520590AB600EF2D28 /* UIView+YTAddClickedEvent.m */; };
		A9DE6D3F20590AB600EF2D28 /* UIAlertAction+YTDefine.m in Sources */ = {isa = PBXBuildFile; fileRef = A9DE6D3820590AB600EF2D28 /* UIAlertAction+YTDefine.m */; };
		A9DE6D4020590AB600EF2D28 /* YTAlertController.m in Sources */ = {isa = PBXBuildFile; fileRef = A9DE6D3B20590AB600EF2D28 /* YTAlertController.m */; };
		A9DE6D4120590AB600EF2D28 /* UIAlertController+YTDefine.m in Sources */ = {isa = PBXBuildFile; fileRef = A9DE6D3C20590AB600EF2D28 /* UIAlertController+YTDefine.m */; };
		A9DE6D4320590DE800EF2D28 /* SZMainViewController.swift in Sources */ = {isa = PBXBuildFile; fileRef = A9DE6D4220590DE800EF2D28 /* SZMainViewController.swift */; };
		A9DE6D452059146000EF2D28 /* SZNavigationController.swift in Sources */ = {isa = PBXBuildFile; fileRef = A9DE6D442059146000EF2D28 /* SZNavigationController.swift */; };
		A9DE6D472059150D00EF2D28 /* SZBaseViewController.swift in Sources */ = {isa = PBXBuildFile; fileRef = A9DE6D462059150D00EF2D28 /* SZBaseViewController.swift */; };
		A9DE6D492059153400EF2D28 /* SZProfileViewController.swift in Sources */ = {isa = PBXBuildFile; fileRef = A9DE6D482059153400EF2D28 /* SZProfileViewController.swift */; };
		A9DE6D4B2059154D00EF2D28 /* SZMessageViewController.swift in Sources */ = {isa = PBXBuildFile; fileRef = A9DE6D4A2059154D00EF2D28 /* SZMessageViewController.swift */; };
		A9DE6D4D2059155D00EF2D28 /* SZDiscoverViewController.swift in Sources */ = {isa = PBXBuildFile; fileRef = A9DE6D4C2059155D00EF2D28 /* SZDiscoverViewController.swift */; };
		A9DE6D4F2059156B00EF2D28 /* SZHomeViewController.swift in Sources */ = {isa = PBXBuildFile; fileRef = A9DE6D4E2059156B00EF2D28 /* SZHomeViewController.swift */; };
		A9DE6D512059455200EF2D28 /* SZDemoViewController.swift in Sources */ = {isa = PBXBuildFile; fileRef = A9DE6D502059455200EF2D28 /* SZDemoViewController.swift */; };
		C644F6D3B56DD438B09804AB /* Pods_SZ_Swift_weibo.framework in Frameworks */ = {isa = PBXBuildFile; fileRef = CC85891CE8BB1D18DA334C38 /* Pods_SZ_Swift_weibo.framework */; };
/* End PBXBuildFile section */

/* Begin PBXContainerItemProxy section */
		A9DE6CE52058F62000EF2D28 /* PBXContainerItemProxy */ = {
			isa = PBXContainerItemProxy;
			containerPortal = A9DE6CC82058F62000EF2D28 /* Project object */;
			proxyType = 1;
			remoteGlobalIDString = A9DE6CCF2058F62000EF2D28;
			remoteInfo = SZ_Swift_weibo;
		};
		A9DE6CF02058F62000EF2D28 /* PBXContainerItemProxy */ = {
			isa = PBXContainerItemProxy;
			containerPortal = A9DE6CC82058F62000EF2D28 /* Project object */;
			proxyType = 1;
			remoteGlobalIDString = A9DE6CCF2058F62000EF2D28;
			remoteInfo = SZ_Swift_weibo;
		};
/* End PBXContainerItemProxy section */

/* Begin PBXFileReference section */
		67D25536D336046B07A152C2 /* Pods-SZ_Swift_weibo.debug.xcconfig */ = {isa = PBXFileReference; includeInIndex = 1; lastKnownFileType = text.xcconfig; name = "Pods-SZ_Swift_weibo.debug.xcconfig"; path = "Pods/Target Support Files/Pods-SZ_Swift_weibo/Pods-SZ_Swift_weibo.debug.xcconfig"; sourceTree = "<group>"; };
		A6E5B4C9F97F3DF55F344874 /* Pods-SZ_Swift_weibo.release.xcconfig */ = {isa = PBXFileReference; includeInIndex = 1; lastKnownFileType = text.xcconfig; name = "Pods-SZ_Swift_weibo.release.xcconfig"; path = "Pods/Target Support Files/Pods-SZ_Swift_weibo/Pods-SZ_Swift_weibo.release.xcconfig"; sourceTree = "<group>"; };
		A9DE6CD02058F62000EF2D28 /* SZ_Swift_weibo.app */ = {isa = PBXFileReference; explicitFileType = wrapper.application; includeInIndex = 0; path = SZ_Swift_weibo.app; sourceTree = BUILT_PRODUCTS_DIR; };
		A9DE6CD32058F62000EF2D28 /* AppDelegate.swift */ = {isa = PBXFileReference; lastKnownFileType = sourcecode.swift; path = AppDelegate.swift; sourceTree = "<group>"; };
		A9DE6CDA2058F62000EF2D28 /* Assets.xcassets */ = {isa = PBXFileReference; lastKnownFileType = folder.assetcatalog; path = Assets.xcassets; sourceTree = "<group>"; };
		A9DE6CDF2058F62000EF2D28 /* Info.plist */ = {isa = PBXFileReference; lastKnownFileType = text.plist.xml; path = Info.plist; sourceTree = "<group>"; };
		A9DE6CE42058F62000EF2D28 /* SZ_Swift_weiboTests.xctest */ = {isa = PBXFileReference; explicitFileType = wrapper.cfbundle; includeInIndex = 0; path = SZ_Swift_weiboTests.xctest; sourceTree = BUILT_PRODUCTS_DIR; };
		A9DE6CE82058F62000EF2D28 /* SZ_Swift_weiboTests.swift */ = {isa = PBXFileReference; lastKnownFileType = sourcecode.swift; path = SZ_Swift_weiboTests.swift; sourceTree = "<group>"; };
		A9DE6CEA2058F62000EF2D28 /* Info.plist */ = {isa = PBXFileReference; lastKnownFileType = text.plist.xml; path = Info.plist; sourceTree = "<group>"; };
		A9DE6CEF2058F62000EF2D28 /* SZ_Swift_weiboUITests.xctest */ = {isa = PBXFileReference; explicitFileType = wrapper.cfbundle; includeInIndex = 0; path = SZ_Swift_weiboUITests.xctest; sourceTree = BUILT_PRODUCTS_DIR; };
		A9DE6CF32058F62000EF2D28 /* SZ_Swift_weiboUITests.swift */ = {isa = PBXFileReference; lastKnownFileType = sourcecode.swift; path = SZ_Swift_weiboUITests.swift; sourceTree = "<group>"; };
		A9DE6CF52058F62000EF2D28 /* Info.plist */ = {isa = PBXFileReference; lastKnownFileType = text.plist.xml; path = Info.plist; sourceTree = "<group>"; };
		A9DE6D042058FEBA00EF2D28 /* WBHomeViewController.swift */ = {isa = PBXFileReference; fileEncoding = 4; lastKnownFileType = sourcecode.swift; path = WBHomeViewController.swift; sourceTree = "<group>"; };
		A9DE6D062058FEBA00EF2D28 /* WBDiscoverViewController.swift */ = {isa = PBXFileReference; fileEncoding = 4; lastKnownFileType = sourcecode.swift; path = WBDiscoverViewController.swift; sourceTree = "<group>"; };
		A9DE6D082058FEBA00EF2D28 /* WBMessageViewController.swift */ = {isa = PBXFileReference; fileEncoding = 4; lastKnownFileType = sourcecode.swift; path = WBMessageViewController.swift; sourceTree = "<group>"; };
		A9DE6D0A2058FEBA00EF2D28 /* WBProfileViewController.swift */ = {isa = PBXFileReference; fileEncoding = 4; lastKnownFileType = sourcecode.swift; path = WBProfileViewController.swift; sourceTree = "<group>"; };
		A9DE6D0D2058FEBA00EF2D28 /* WBVistorView.swift */ = {isa = PBXFileReference; fileEncoding = 4; lastKnownFileType = sourcecode.swift; path = WBVistorView.swift; sourceTree = "<group>"; };
		A9DE6D0E2058FEBA00EF2D28 /* WBBaseViewController.swift */ = {isa = PBXFileReference; fileEncoding = 4; lastKnownFileType = sourcecode.swift; path = WBBaseViewController.swift; sourceTree = "<group>"; };
		A9DE6D102058FEBA00EF2D28 /* WBDemoViewController.swift */ = {isa = PBXFileReference; fileEncoding = 4; lastKnownFileType = sourcecode.swift; path = WBDemoViewController.swift; sourceTree = "<group>"; };
		A9DE6D122058FEBA00EF2D28 /* WBMainViewController.swift */ = {isa = PBXFileReference; fileEncoding = 4; lastKnownFileType = sourcecode.swift; path = WBMainViewController.swift; sourceTree = "<group>"; };
		A9DE6D132058FEBA00EF2D28 /* main.json */ = {isa = PBXFileReference; fileEncoding = 4; lastKnownFileType = text.json; path = main.json; sourceTree = "<group>"; };
		A9DE6D142058FEBA00EF2D28 /* WBNavigationController.swift */ = {isa = PBXFileReference; fileEncoding = 4; lastKnownFileType = sourcecode.swift; path = WBNavigationController.swift; sourceTree = "<group>"; };
		A9DE6D192058FEBA00EF2D28 /* UIImageView+Extension.swift */ = {isa = PBXFileReference; fileEncoding = 4; lastKnownFileType = sourcecode.swift; path = "UIImageView+Extension.swift"; sourceTree = "<group>"; };
		A9DE6D1A2058FEBA00EF2D28 /* UILabel+Extension.swift */ = {isa = PBXFileReference; fileEncoding = 4; lastKnownFileType = sourcecode.swift; path = "UILabel+Extension.swift"; sourceTree = "<group>"; };
		A9DE6D1B2058FEBA00EF2D28 /* UIButton+Extension.swift */ = {isa = PBXFileReference; fileEncoding = 4; lastKnownFileType = sourcecode.swift; path = "UIButton+Extension.swift"; sourceTree = "<group>"; };
		A9DE6D1C2058FEBA00EF2D28 /* UIColor+Extensions.swift */ = {isa = PBXFileReference; fileEncoding = 4; lastKnownFileType = sourcecode.swift; path = "UIColor+Extensions.swift"; sourceTree = "<group>"; };
		A9DE6D1D2058FEBA00EF2D28 /* UIScreen+Extension.swift */ = {isa = PBXFileReference; fileEncoding = 4; lastKnownFileType = sourcecode.swift; path = "UIScreen+Extension.swift"; sourceTree = "<group>"; };
		A9DE6D1E2058FEBA00EF2D28 /* Bundle+Extentions.swift */ = {isa = PBXFileReference; fileEncoding = 4; lastKnownFileType = sourcecode.swift; path = "Bundle+Extentions.swift"; sourceTree = "<group>"; };
		A9DE6D1F2058FEBA00EF2D28 /* UIBarButtonItem+Extension.swift */ = {isa = PBXFileReference; fileEncoding = 4; lastKnownFileType = sourcecode.swift; path = "UIBarButtonItem+Extension.swift"; sourceTree = "<group>"; };
		A9DE6D33205909E200EF2D28 /* Weibo-Bridge.h */ = {isa = PBXFileReference; lastKnownFileType = sourcecode.c.h; path = "Weibo-Bridge.h"; sourceTree = "<group>"; };
		A9DE6D3520590AB600EF2D28 /* UIView+YTAddClickedEvent.m */ = {isa = PBXFileReference; fileEncoding = 4; lastKnownFileType = sourcecode.c.objc; path = "UIView+YTAddClickedEvent.m"; sourceTree = "<group>"; };
		A9DE6D3720590AB600EF2D28 /* YTAlertController.h */ = {isa = PBXFileReference; fileEncoding = 4; lastKnownFileType = sourcecode.c.h; path = YTAlertController.h; sourceTree = "<group>"; };
		A9DE6D3820590AB600EF2D28 /* UIAlertAction+YTDefine.m */ = {isa = PBXFileReference; fileEncoding = 4; lastKnownFileType = sourcecode.c.objc; path = "UIAlertAction+YTDefine.m"; sourceTree = "<group>"; };
		A9DE6D3920590AB600EF2D28 /* UIAlertController+YTDefine.h */ = {isa = PBXFileReference; fileEncoding = 4; lastKnownFileType = sourcecode.c.h; path = "UIAlertController+YTDefine.h"; sourceTree = "<group>"; };
		A9DE6D3A20590AB600EF2D28 /* UIAlertAction+YTDefine.h */ = {isa = PBXFileReference; fileEncoding = 4; lastKnownFileType = sourcecode.c.h; path = "UIAlertAction+YTDefine.h"; sourceTree = "<group>"; };
		A9DE6D3B20590AB600EF2D28 /* YTAlertController.m */ = {isa = PBXFileReference; fileEncoding = 4; lastKnownFileType = sourcecode.c.objc; path = YTAlertController.m; sourceTree = "<group>"; };
		A9DE6D3C20590AB600EF2D28 /* UIAlertController+YTDefine.m */ = {isa = PBXFileReference; fileEncoding = 4; lastKnownFileType = sourcecode.c.objc; path = "UIAlertController+YTDefine.m"; sourceTree = "<group>"; };
		A9DE6D3D20590AB600EF2D28 /* UIView+YTAddClickedEvent.h */ = {isa = PBXFileReference; fileEncoding = 4; lastKnownFileType = sourcecode.c.h; path = "UIView+YTAddClickedEvent.h"; sourceTree = "<group>"; };
		A9DE6D4220590DE800EF2D28 /* SZMainViewController.swift */ = {isa = PBXFileReference; lastKnownFileType = sourcecode.swift; path = SZMainViewController.swift; sourceTree = "<group>"; };
		A9DE6D442059146000EF2D28 /* SZNavigationController.swift */ = {isa = PBXFileReference; lastKnownFileType = sourcecode.swift; path = SZNavigationController.swift; sourceTree = "<group>"; };
		A9DE6D462059150D00EF2D28 /* SZBaseViewController.swift */ = {isa = PBXFileReference; lastKnownFileType = sourcecode.swift; path = SZBaseViewController.swift; sourceTree = "<group>"; };
		A9DE6D482059153400EF2D28 /* SZProfileViewController.swift */ = {isa = PBXFileReference; lastKnownFileType = sourcecode.swift; path = SZProfileViewController.swift; sourceTree = "<group>"; };
		A9DE6D4A2059154D00EF2D28 /* SZMessageViewController.swift */ = {isa = PBXFileReference; lastKnownFileType = sourcecode.swift; path = SZMessageViewController.swift; sourceTree = "<group>"; };
		A9DE6D4C2059155D00EF2D28 /* SZDiscoverViewController.swift */ = {isa = PBXFileReference; lastKnownFileType = sourcecode.swift; path = SZDiscoverViewController.swift; sourceTree = "<group>"; };
		A9DE6D4E2059156B00EF2D28 /* SZHomeViewController.swift */ = {isa = PBXFileReference; lastKnownFileType = sourcecode.swift; path = SZHomeViewController.swift; sourceTree = "<group>"; };
		A9DE6D502059455200EF2D28 /* SZDemoViewController.swift */ = {isa = PBXFileReference; lastKnownFileType = sourcecode.swift; path = SZDemoViewController.swift; sourceTree = "<group>"; };
		CC85891CE8BB1D18DA334C38 /* Pods_SZ_Swift_weibo.framework */ = {isa = PBXFileReference; explicitFileType = wrapper.framework; includeInIndex = 0; path = Pods_SZ_Swift_weibo.framework; sourceTree = BUILT_PRODUCTS_DIR; };
/* End PBXFileReference section */

/* Begin PBXFrameworksBuildPhase section */
		A9DE6CCD2058F62000EF2D28 /* Frameworks */ = {
			isa = PBXFrameworksBuildPhase;
			buildActionMask = 2147483647;
			files = (
				C644F6D3B56DD438B09804AB /* Pods_SZ_Swift_weibo.framework in Frameworks */,
			);
			runOnlyForDeploymentPostprocessing = 0;
		};
		A9DE6CE12058F62000EF2D28 /* Frameworks */ = {
			isa = PBXFrameworksBuildPhase;
			buildActionMask = 2147483647;
			files = (
			);
			runOnlyForDeploymentPostprocessing = 0;
		};
		A9DE6CEC2058F62000EF2D28 /* Frameworks */ = {
			isa = PBXFrameworksBuildPhase;
			buildActionMask = 2147483647;
			files = (
			);
			runOnlyForDeploymentPostprocessing = 0;
		};
/* End PBXFrameworksBuildPhase section */

/* Begin PBXGroup section */
		5A7BE65542367CB62A0934D6 /* Pods */ = {
			isa = PBXGroup;
			children = (
				67D25536D336046B07A152C2 /* Pods-SZ_Swift_weibo.debug.xcconfig */,
				A6E5B4C9F97F3DF55F344874 /* Pods-SZ_Swift_weibo.release.xcconfig */,
			);
			name = Pods;
			sourceTree = "<group>";
		};
		A9DE6CC72058F62000EF2D28 = {
			isa = PBXGroup;
			children = (
				A9DE6CD22058F62000EF2D28 /* SZ_Swift_weibo */,
				A9DE6CE72058F62000EF2D28 /* SZ_Swift_weiboTests */,
				A9DE6CF22058F62000EF2D28 /* SZ_Swift_weiboUITests */,
				A9DE6CD12058F62000EF2D28 /* Products */,
				5A7BE65542367CB62A0934D6 /* Pods */,
				FA46BE00F7916D52F768913F /* Frameworks */,
			);
			sourceTree = "<group>";
		};
		A9DE6CD12058F62000EF2D28 /* Products */ = {
			isa = PBXGroup;
			children = (
				A9DE6CD02058F62000EF2D28 /* SZ_Swift_weibo.app */,
				A9DE6CE42058F62000EF2D28 /* SZ_Swift_weiboTests.xctest */,
				A9DE6CEF2058F62000EF2D28 /* SZ_Swift_weiboUITests.xctest */,
			);
			name = Products;
			sourceTree = "<group>";
		};
		A9DE6CD22058F62000EF2D28 /* SZ_Swift_weibo */ = {
			isa = PBXGroup;
			children = (
				A9DE6D012058FEBA00EF2D28 /* Classes */,
				A9DE6CD32058F62000EF2D28 /* AppDelegate.swift */,
				A9DE6D33205909E200EF2D28 /* Weibo-Bridge.h */,
				A9DE6CDA2058F62000EF2D28 /* Assets.xcassets */,
				A9DE6CDF2058F62000EF2D28 /* Info.plist */,
			);
			path = SZ_Swift_weibo;
			sourceTree = "<group>";
		};
		A9DE6CE72058F62000EF2D28 /* SZ_Swift_weiboTests */ = {
			isa = PBXGroup;
			children = (
				A9DE6CE82058F62000EF2D28 /* SZ_Swift_weiboTests.swift */,
				A9DE6CEA2058F62000EF2D28 /* Info.plist */,
			);
			path = SZ_Swift_weiboTests;
			sourceTree = "<group>";
		};
		A9DE6CF22058F62000EF2D28 /* SZ_Swift_weiboUITests */ = {
			isa = PBXGroup;
			children = (
				A9DE6CF32058F62000EF2D28 /* SZ_Swift_weiboUITests.swift */,
				A9DE6CF52058F62000EF2D28 /* Info.plist */,
			);
			path = SZ_Swift_weiboUITests;
			sourceTree = "<group>";
		};
		A9DE6D012058FEBA00EF2D28 /* Classes */ = {
			isa = PBXGroup;
			children = (
				A9DE6D022058FEBA00EF2D28 /* View(视图和控制器) */,
				A9DE6D152058FEBA00EF2D28 /* ViewModel(视图模型) */,
				A9DE6D162058FEBA00EF2D28 /* Model(模型) */,
				A9DE6D172058FEBA00EF2D28 /* Tools(工具) */,
			);
			path = Classes;
			sourceTree = "<group>";
		};
		A9DE6D022058FEBA00EF2D28 /* View(视图和控制器) */ = {
			isa = PBXGroup;
			children = (
				A9DE6D032058FEBA00EF2D28 /* Home */,
				A9DE6D052058FEBA00EF2D28 /* Discover */,
				A9DE6D072058FEBA00EF2D28 /* Message */,
				A9DE6D092058FEBA00EF2D28 /* Profile */,
				A9DE6D0B2058FEBA00EF2D28 /* Main */,
			);
			path = "View(视图和控制器)";
			sourceTree = "<group>";
		};
		A9DE6D032058FEBA00EF2D28 /* Home */ = {
			isa = PBXGroup;
			children = (
				A9DE6D042058FEBA00EF2D28 /* WBHomeViewController.swift */,
				A9DE6D4E2059156B00EF2D28 /* SZHomeViewController.swift */,
			);
			path = Home;
			sourceTree = "<group>";
		};
		A9DE6D052058FEBA00EF2D28 /* Discover */ = {
			isa = PBXGroup;
			children = (
				A9DE6D062058FEBA00EF2D28 /* WBDiscoverViewController.swift */,
				A9DE6D4C2059155D00EF2D28 /* SZDiscoverViewController.swift */,
			);
			path = Discover;
			sourceTree = "<group>";
		};
		A9DE6D072058FEBA00EF2D28 /* Message */ = {
			isa = PBXGroup;
			children = (
				A9DE6D082058FEBA00EF2D28 /* WBMessageViewController.swift */,
				A9DE6D4A2059154D00EF2D28 /* SZMessageViewController.swift */,
			);
			path = Message;
			sourceTree = "<group>";
		};
		A9DE6D092058FEBA00EF2D28 /* Profile */ = {
			isa = PBXGroup;
			children = (
				A9DE6D0A2058FEBA00EF2D28 /* WBProfileViewController.swift */,
				A9DE6D482059153400EF2D28 /* SZProfileViewController.swift */,
			);
			path = Profile;
			sourceTree = "<group>";
		};
		A9DE6D0B2058FEBA00EF2D28 /* Main */ = {
			isa = PBXGroup;
			children = (
				A9DE6D0E2058FEBA00EF2D28 /* WBBaseViewController.swift */,
				A9DE6D462059150D00EF2D28 /* SZBaseViewController.swift */,
				A9DE6D0C2058FEBA00EF2D28 /* VistorView */,
				A9DE6D0F2058FEBA00EF2D28 /* 测试 */,
				A9DE6D112058FEBA00EF2D28 /* 主控制器 */,
			);
			path = Main;
			sourceTree = "<group>";
		};
		A9DE6D0C2058FEBA00EF2D28 /* VistorView */ = {
			isa = PBXGroup;
			children = (
				A9DE6D0D2058FEBA00EF2D28 /* WBVistorView.swift */,
			);
			path = VistorView;
			sourceTree = "<group>";
		};
		A9DE6D0F2058FEBA00EF2D28 /* 测试 */ = {
			isa = PBXGroup;
			children = (
				A9DE6D102058FEBA00EF2D28 /* WBDemoViewController.swift */,
				A9DE6D502059455200EF2D28 /* SZDemoViewController.swift */,
			);
			path = "测试";
			sourceTree = "<group>";
		};
		A9DE6D112058FEBA00EF2D28 /* 主控制器 */ = {
			isa = PBXGroup;
			children = (
				A9DE6D122058FEBA00EF2D28 /* WBMainViewController.swift */,
				A9DE6D4220590DE800EF2D28 /* SZMainViewController.swift */,
				A9DE6D142058FEBA00EF2D28 /* WBNavigationController.swift */,
				A9DE6D442059146000EF2D28 /* SZNavigationController.swift */,
				A9DE6D132058FEBA00EF2D28 /* main.json */,
			);
			path = "主控制器";
			sourceTree = "<group>";
		};
		A9DE6D152058FEBA00EF2D28 /* ViewModel(视图模型) */ = {
			isa = PBXGroup;
			children = (
			);
			path = "ViewModel(视图模型)";
			sourceTree = "<group>";
		};
		A9DE6D162058FEBA00EF2D28 /* Model(模型) */ = {
			isa = PBXGroup;
			children = (
			);
			path = "Model(模型)";
			sourceTree = "<group>";
		};
		A9DE6D172058FEBA00EF2D28 /* Tools(工具) */ = {
			isa = PBXGroup;
			children = (
				A9DE6D3420590AB600EF2D28 /* OCFiles */,
				A9DE6D182058FEBA00EF2D28 /* Extensions */,
			);
			path = "Tools(工具)";
			sourceTree = "<group>";
		};
		A9DE6D182058FEBA00EF2D28 /* Extensions */ = {
			isa = PBXGroup;
			children = (
				A9DE6D192058FEBA00EF2D28 /* UIImageView+Extension.swift */,
				A9DE6D1A2058FEBA00EF2D28 /* UILabel+Extension.swift */,
				A9DE6D1B2058FEBA00EF2D28 /* UIButton+Extension.swift */,
				A9DE6D1C2058FEBA00EF2D28 /* UIColor+Extensions.swift */,
				A9DE6D1D2058FEBA00EF2D28 /* UIScreen+Extension.swift */,
				A9DE6D1E2058FEBA00EF2D28 /* Bundle+Extentions.swift */,
				A9DE6D1F2058FEBA00EF2D28 /* UIBarButtonItem+Extension.swift */,
			);
			path = Extensions;
			sourceTree = "<group>";
		};
		A9DE6D3420590AB600EF2D28 /* OCFiles */ = {
			isa = PBXGroup;
			children = (
				A9DE6D3D20590AB600EF2D28 /* UIView+YTAddClickedEvent.h */,
				A9DE6D3520590AB600EF2D28 /* UIView+YTAddClickedEvent.m */,
				A9DE6D3620590AB600EF2D28 /* YTAlertViewController */,
			);
			path = OCFiles;
			sourceTree = "<group>";
		};
		A9DE6D3620590AB600EF2D28 /* YTAlertViewController */ = {
			isa = PBXGroup;
			children = (
				A9DE6D3720590AB600EF2D28 /* YTAlertController.h */,
				A9DE6D3B20590AB600EF2D28 /* YTAlertController.m */,
				A9DE6D3A20590AB600EF2D28 /* UIAlertAction+YTDefine.h */,
				A9DE6D3820590AB600EF2D28 /* UIAlertAction+YTDefine.m */,
				A9DE6D3920590AB600EF2D28 /* UIAlertController+YTDefine.h */,
				A9DE6D3C20590AB600EF2D28 /* UIAlertController+YTDefine.m */,
			);
			path = YTAlertViewController;
			sourceTree = "<group>";
		};
		FA46BE00F7916D52F768913F /* Frameworks */ = {
			isa = PBXGroup;
			children = (
				CC85891CE8BB1D18DA334C38 /* Pods_SZ_Swift_weibo.framework */,
			);
			name = Frameworks;
			sourceTree = "<group>";
		};
/* End PBXGroup section */

/* Begin PBXNativeTarget section */
		A9DE6CCF2058F62000EF2D28 /* SZ_Swift_weibo */ = {
			isa = PBXNativeTarget;
			buildConfigurationList = A9DE6CF82058F62000EF2D28 /* Build configuration list for PBXNativeTarget "SZ_Swift_weibo" */;
			buildPhases = (
				E1BCD99CB72EBA9B2762854A /* [CP] Check Pods Manifest.lock */,
				A9DE6CCC2058F62000EF2D28 /* Sources */,
				A9DE6CCD2058F62000EF2D28 /* Frameworks */,
				A9DE6CCE2058F62000EF2D28 /* Resources */,
				7E79B5936926BB40993CB980 /* [CP] Embed Pods Frameworks */,
				86B25FAA144A9A38E7261800 /* [CP] Copy Pods Resources */,
			);
			buildRules = (
			);
			dependencies = (
			);
			name = SZ_Swift_weibo;
			productName = SZ_Swift_weibo;
			productReference = A9DE6CD02058F62000EF2D28 /* SZ_Swift_weibo.app */;
			productType = "com.apple.product-type.application";
		};
		A9DE6CE32058F62000EF2D28 /* SZ_Swift_weiboTests */ = {
			isa = PBXNativeTarget;
			buildConfigurationList = A9DE6CFB2058F62000EF2D28 /* Build configuration list for PBXNativeTarget "SZ_Swift_weiboTests" */;
			buildPhases = (
				A9DE6CE02058F62000EF2D28 /* Sources */,
				A9DE6CE12058F62000EF2D28 /* Frameworks */,
				A9DE6CE22058F62000EF2D28 /* Resources */,
			);
			buildRules = (
			);
			dependencies = (
				A9DE6CE62058F62000EF2D28 /* PBXTargetDependency */,
			);
			name = SZ_Swift_weiboTests;
			productName = SZ_Swift_weiboTests;
			productReference = A9DE6CE42058F62000EF2D28 /* SZ_Swift_weiboTests.xctest */;
			productType = "com.apple.product-type.bundle.unit-test";
		};
		A9DE6CEE2058F62000EF2D28 /* SZ_Swift_weiboUITests */ = {
			isa = PBXNativeTarget;
			buildConfigurationList = A9DE6CFE2058F62000EF2D28 /* Build configuration list for PBXNativeTarget "SZ_Swift_weiboUITests" */;
			buildPhases = (
				A9DE6CEB2058F62000EF2D28 /* Sources */,
				A9DE6CEC2058F62000EF2D28 /* Frameworks */,
				A9DE6CED2058F62000EF2D28 /* Resources */,
			);
			buildRules = (
			);
			dependencies = (
				A9DE6CF12058F62000EF2D28 /* PBXTargetDependency */,
			);
			name = SZ_Swift_weiboUITests;
			productName = SZ_Swift_weiboUITests;
			productReference = A9DE6CEF2058F62000EF2D28 /* SZ_Swift_weiboUITests.xctest */;
			productType = "com.apple.product-type.bundle.ui-testing";
		};
/* End PBXNativeTarget section */

/* Begin PBXProject section */
		A9DE6CC82058F62000EF2D28 /* Project object */ = {
			isa = PBXProject;
			attributes = {
				CLASSPREFIX = SZ;
				LastSwiftUpdateCheck = 0920;
				LastUpgradeCheck = 0920;
				ORGANIZATIONNAME = yanl;
				TargetAttributes = {
					A9DE6CCF2058F62000EF2D28 = {
						CreatedOnToolsVersion = 9.2;
						ProvisioningStyle = Automatic;
					};
					A9DE6CE32058F62000EF2D28 = {
						CreatedOnToolsVersion = 9.2;
						ProvisioningStyle = Automatic;
						TestTargetID = A9DE6CCF2058F62000EF2D28;
					};
					A9DE6CEE2058F62000EF2D28 = {
						CreatedOnToolsVersion = 9.2;
						ProvisioningStyle = Automatic;
						TestTargetID = A9DE6CCF2058F62000EF2D28;
					};
				};
			};
			buildConfigurationList = A9DE6CCB2058F62000EF2D28 /* Build configuration list for PBXProject "SZ_Swift_weibo" */;
			compatibilityVersion = "Xcode 8.0";
			developmentRegion = en;
			hasScannedForEncodings = 0;
			knownRegions = (
				en,
				Base,
			);
			mainGroup = A9DE6CC72058F62000EF2D28;
			productRefGroup = A9DE6CD12058F62000EF2D28 /* Products */;
			projectDirPath = "";
			projectRoot = "";
			targets = (
				A9DE6CCF2058F62000EF2D28 /* SZ_Swift_weibo */,
				A9DE6CE32058F62000EF2D28 /* SZ_Swift_weiboTests */,
				A9DE6CEE2058F62000EF2D28 /* SZ_Swift_weiboUITests */,
			);
		};
/* End PBXProject section */

/* Begin PBXResourcesBuildPhase section */
		A9DE6CCE2058F62000EF2D28 /* Resources */ = {
			isa = PBXResourcesBuildPhase;
			buildActionMask = 2147483647;
			files = (
				A9DE6D282058FEBA00EF2D28 /* main.json in Resources */,
				A9DE6CDB2058F62000EF2D28 /* Assets.xcassets in Resources */,
			);
			runOnlyForDeploymentPostprocessing = 0;
		};
		A9DE6CE22058F62000EF2D28 /* Resources */ = {
			isa = PBXResourcesBuildPhase;
			buildActionMask = 2147483647;
			files = (
			);
			runOnlyForDeploymentPostprocessing = 0;
		};
		A9DE6CED2058F62000EF2D28 /* Resources */ = {
			isa = PBXResourcesBuildPhase;
			buildActionMask = 2147483647;
			files = (
			);
			runOnlyForDeploymentPostprocessing = 0;
		};
/* End PBXResourcesBuildPhase section */

/* Begin PBXShellScriptBuildPhase section */
		7E79B5936926BB40993CB980 /* [CP] Embed Pods Frameworks */ = {
			isa = PBXShellScriptBuildPhase;
			buildActionMask = 2147483647;
			files = (
			);
			inputPaths = (
				"${SRCROOT}/Pods/Target Support Files/Pods-SZ_Swift_weibo/Pods-SZ_Swift_weibo-frameworks.sh",
				"${BUILT_PRODUCTS_DIR}/Alamofire/Alamofire.framework",
				"${BUILT_PRODUCTS_DIR}/SDWebImage/SDWebImage.framework",
				"${BUILT_PRODUCTS_DIR}/SnapKit/SnapKit.framework",
			);
			name = "[CP] Embed Pods Frameworks";
			outputPaths = (
				"${TARGET_BUILD_DIR}/${FRAMEWORKS_FOLDER_PATH}/Alamofire.framework",
				"${TARGET_BUILD_DIR}/${FRAMEWORKS_FOLDER_PATH}/SDWebImage.framework",
				"${TARGET_BUILD_DIR}/${FRAMEWORKS_FOLDER_PATH}/SnapKit.framework",
			);
			runOnlyForDeploymentPostprocessing = 0;
			shellPath = /bin/sh;
			shellScript = "\"${SRCROOT}/Pods/Target Support Files/Pods-SZ_Swift_weibo/Pods-SZ_Swift_weibo-frameworks.sh\"\n";
			showEnvVarsInLog = 0;
		};
		86B25FAA144A9A38E7261800 /* [CP] Copy Pods Resources */ = {
			isa = PBXShellScriptBuildPhase;
			buildActionMask = 2147483647;
			files = (
			);
			inputPaths = (
			);
			name = "[CP] Copy Pods Resources";
			outputPaths = (
			);
			runOnlyForDeploymentPostprocessing = 0;
			shellPath = /bin/sh;
			shellScript = "\"${SRCROOT}/Pods/Target Support Files/Pods-SZ_Swift_weibo/Pods-SZ_Swift_weibo-resources.sh\"\n";
			showEnvVarsInLog = 0;
		};
		E1BCD99CB72EBA9B2762854A /* [CP] Check Pods Manifest.lock */ = {
			isa = PBXShellScriptBuildPhase;
			buildActionMask = 2147483647;
			files = (
			);
			inputPaths = (
				"${PODS_PODFILE_DIR_PATH}/Podfile.lock",
				"${PODS_ROOT}/Manifest.lock",
			);
			name = "[CP] Check Pods Manifest.lock";
			outputPaths = (
				"$(DERIVED_FILE_DIR)/Pods-SZ_Swift_weibo-checkManifestLockResult.txt",
			);
			runOnlyForDeploymentPostprocessing = 0;
			shellPath = /bin/sh;
			shellScript = "diff \"${PODS_PODFILE_DIR_PATH}/Podfile.lock\" \"${PODS_ROOT}/Manifest.lock\" > /dev/null\nif [ $? != 0 ] ; then\n    # print error to STDERR\n    echo \"error: The sandbox is not in sync with the Podfile.lock. Run 'pod install' or update your CocoaPods installation.\" >&2\n    exit 1\nfi\n# This output is used by Xcode 'outputs' to avoid re-running this script phase.\necho \"SUCCESS\" > \"${SCRIPT_OUTPUT_FILE_0}\"\n";
			showEnvVarsInLog = 0;
		};
/* End PBXShellScriptBuildPhase section */

/* Begin PBXSourcesBuildPhase section */
		A9DE6CCC2058F62000EF2D28 /* Sources */ = {
			isa = PBXSourcesBuildPhase;
			buildActionMask = 2147483647;
			files = (
				A9DE6D3F20590AB600EF2D28 /* UIAlertAction+YTDefine.m in Sources */,
				A9DE6D252058FEBA00EF2D28 /* WBBaseViewController.swift in Sources */,
				A9DE6D242058FEBA00EF2D28 /* WBVistorView.swift in Sources */,
				A9DE6D452059146000EF2D28 /* SZNavigationController.swift in Sources */,
				A9DE6D472059150D00EF2D28 /* SZBaseViewController.swift in Sources */,
				A9DE6D2C2058FEBA00EF2D28 /* UIButton+Extension.swift in Sources */,
				A9DE6D262058FEBA00EF2D28 /* WBDemoViewController.swift in Sources */,
				A9DE6D202058FEBA00EF2D28 /* WBHomeViewController.swift in Sources */,
				A9DE6D222058FEBA00EF2D28 /* WBMessageViewController.swift in Sources */,
				A9DE6D4020590AB600EF2D28 /* YTAlertController.m in Sources */,
				A9DE6D4F2059156B00EF2D28 /* SZHomeViewController.swift in Sources */,
				A9DE6D272058FEBA00EF2D28 /* WBMainViewController.swift in Sources */,
				A9DE6CD42058F62000EF2D28 /* AppDelegate.swift in Sources */,
				A9DE6D4320590DE800EF2D28 /* SZMainViewController.swift in Sources */,
				A9DE6D4D2059155D00EF2D28 /* SZDiscoverViewController.swift in Sources */,
				A9DE6D2F2058FEBA00EF2D28 /* Bundle+Extentions.swift in Sources */,
				A9DE6D4120590AB600EF2D28 /* UIAlertController+YTDefine.m in Sources */,
				A9DE6D4B2059154D00EF2D28 /* SZMessageViewController.swift in Sources */,
				A9DE6D2A2058FEBA00EF2D28 /* UIImageView+Extension.swift in Sources */,
				A9DE6D2B2058FEBA00EF2D28 /* UILabel+Extension.swift in Sources */,
				A9DE6D212058FEBA00EF2D28 /* WBDiscoverViewController.swift in Sources */,
				A9DE6D492059153400EF2D28 /* SZProfileViewController.swift in Sources */,
				A9DE6D2E2058FEBA00EF2D28 /* UIScreen+Extension.swift in Sources */,
				A9DE6D2D2058FEBA00EF2D28 /* UIColor+Extensions.swift in Sources */,
				A9DE6D292058FEBA00EF2D28 /* WBNavigationController.swift in Sources */,
				A9DE6D232058FEBA00EF2D28 /* WBProfileViewController.swift in Sources */,
				A9DE6D3E20590AB600EF2D28 /* UIView+YTAddClickedEvent.m in Sources */,
				A9DE6D512059455200EF2D28 /* SZDemoViewController.swift in Sources */,
				A9DE6D302058FEBA00EF2D28 /* UIBarButtonItem+Extension.swift in Sources */,
			);
			runOnlyForDeploymentPostprocessing = 0;
		};
		A9DE6CE02058F62000EF2D28 /* Sources */ = {
			isa = PBXSourcesBuildPhase;
			buildActionMask = 2147483647;
			files = (
				A9DE6CE92058F62000EF2D28 /* SZ_Swift_weiboTests.swift in Sources */,
			);
			runOnlyForDeploymentPostprocessing = 0;
		};
		A9DE6CEB2058F62000EF2D28 /* Sources */ = {
			isa = PBXSourcesBuildPhase;
			buildActionMask = 2147483647;
			files = (
				A9DE6CF42058F62000EF2D28 /* SZ_Swift_weiboUITests.swift in Sources */,
			);
			runOnlyForDeploymentPostprocessing = 0;
		};
/* End PBXSourcesBuildPhase section */

/* Begin PBXTargetDependency section */
		A9DE6CE62058F62000EF2D28 /* PBXTargetDependency */ = {
			isa = PBXTargetDependency;
			target = A9DE6CCF2058F62000EF2D28 /* SZ_Swift_weibo */;
			targetProxy = A9DE6CE52058F62000EF2D28 /* PBXContainerItemProxy */;
		};
		A9DE6CF12058F62000EF2D28 /* PBXTargetDependency */ = {
			isa = PBXTargetDependency;
			target = A9DE6CCF2058F62000EF2D28 /* SZ_Swift_weibo */;
			targetProxy = A9DE6CF02058F62000EF2D28 /* PBXContainerItemProxy */;
		};
/* End PBXTargetDependency section */

/* Begin XCBuildConfiguration section */
		A9DE6CF62058F62000EF2D28 /* Debug */ = {
			isa = XCBuildConfiguration;
			buildSettings = {
				ALWAYS_SEARCH_USER_PATHS = NO;
				CLANG_ANALYZER_NONNULL = YES;
				CLANG_ANALYZER_NUMBER_OBJECT_CONVERSION = YES_AGGRESSIVE;
				CLANG_CXX_LANGUAGE_STANDARD = "gnu++14";
				CLANG_CXX_LIBRARY = "libc++";
				CLANG_ENABLE_MODULES = YES;
				CLANG_ENABLE_OBJC_ARC = YES;
				CLANG_WARN_BLOCK_CAPTURE_AUTORELEASING = YES;
				CLANG_WARN_BOOL_CONVERSION = YES;
				CLANG_WARN_COMMA = YES;
				CLANG_WARN_CONSTANT_CONVERSION = YES;
				CLANG_WARN_DIRECT_OBJC_ISA_USAGE = YES_ERROR;
				CLANG_WARN_DOCUMENTATION_COMMENTS = YES;
				CLANG_WARN_EMPTY_BODY = YES;
				CLANG_WARN_ENUM_CONVERSION = YES;
				CLANG_WARN_INFINITE_RECURSION = YES;
				CLANG_WARN_INT_CONVERSION = YES;
				CLANG_WARN_NON_LITERAL_NULL_CONVERSION = YES;
				CLANG_WARN_OBJC_LITERAL_CONVERSION = YES;
				CLANG_WARN_OBJC_ROOT_CLASS = YES_ERROR;
				CLANG_WARN_RANGE_LOOP_ANALYSIS = YES;
				CLANG_WARN_STRICT_PROTOTYPES = YES;
				CLANG_WARN_SUSPICIOUS_MOVE = YES;
				CLANG_WARN_UNGUARDED_AVAILABILITY = YES_AGGRESSIVE;
				CLANG_WARN_UNREACHABLE_CODE = YES;
				CLANG_WARN__DUPLICATE_METHOD_MATCH = YES;
				CODE_SIGN_IDENTITY = "iPhone Developer";
				COPY_PHASE_STRIP = NO;
				DEBUG_INFORMATION_FORMAT = dwarf;
				ENABLE_STRICT_OBJC_MSGSEND = YES;
				ENABLE_TESTABILITY = YES;
				GCC_C_LANGUAGE_STANDARD = gnu11;
				GCC_DYNAMIC_NO_PIC = NO;
				GCC_NO_COMMON_BLOCKS = YES;
				GCC_OPTIMIZATION_LEVEL = 0;
				GCC_PREPROCESSOR_DEFINITIONS = (
					"DEBUG=1",
					"$(inherited)",
				);
				GCC_WARN_64_TO_32_BIT_CONVERSION = YES;
				GCC_WARN_ABOUT_RETURN_TYPE = YES_ERROR;
				GCC_WARN_UNDECLARED_SELECTOR = YES;
				GCC_WARN_UNINITIALIZED_AUTOS = YES_AGGRESSIVE;
				GCC_WARN_UNUSED_FUNCTION = YES;
				GCC_WARN_UNUSED_VARIABLE = YES;
				IPHONEOS_DEPLOYMENT_TARGET = 11.2;
				MTL_ENABLE_DEBUG_INFO = YES;
				ONLY_ACTIVE_ARCH = YES;
				SDKROOT = iphoneos;
				SWIFT_ACTIVE_COMPILATION_CONDITIONS = DEBUG;
				SWIFT_OPTIMIZATION_LEVEL = "-Onone";
			};
			name = Debug;
		};
		A9DE6CF72058F62000EF2D28 /* Release */ = {
			isa = XCBuildConfiguration;
			buildSettings = {
				ALWAYS_SEARCH_USER_PATHS = NO;
				CLANG_ANALYZER_NONNULL = YES;
				CLANG_ANALYZER_NUMBER_OBJECT_CONVERSION = YES_AGGRESSIVE;
				CLANG_CXX_LANGUAGE_STANDARD = "gnu++14";
				CLANG_CXX_LIBRARY = "libc++";
				CLANG_ENABLE_MODULES = YES;
				CLANG_ENABLE_OBJC_ARC = YES;
				CLANG_WARN_BLOCK_CAPTURE_AUTORELEASING = YES;
				CLANG_WARN_BOOL_CONVERSION = YES;
				CLANG_WARN_COMMA = YES;
				CLANG_WARN_CONSTANT_CONVERSION = YES;
				CLANG_WARN_DIRECT_OBJC_ISA_USAGE = YES_ERROR;
				CLANG_WARN_DOCUMENTATION_COMMENTS = YES;
				CLANG_WARN_EMPTY_BODY = YES;
				CLANG_WARN_ENUM_CONVERSION = YES;
				CLANG_WARN_INFINITE_RECURSION = YES;
				CLANG_WARN_INT_CONVERSION = YES;
				CLANG_WARN_NON_LITERAL_NULL_CONVERSION = YES;
				CLANG_WARN_OBJC_LITERAL_CONVERSION = YES;
				CLANG_WARN_OBJC_ROOT_CLASS = YES_ERROR;
				CLANG_WARN_RANGE_LOOP_ANALYSIS = YES;
				CLANG_WARN_STRICT_PROTOTYPES = YES;
				CLANG_WARN_SUSPICIOUS_MOVE = YES;
				CLANG_WARN_UNGUARDED_AVAILABILITY = YES_AGGRESSIVE;
				CLANG_WARN_UNREACHABLE_CODE = YES;
				CLANG_WARN__DUPLICATE_METHOD_MATCH = YES;
				CODE_SIGN_IDENTITY = "iPhone Developer";
				COPY_PHASE_STRIP = NO;
				DEBUG_INFORMATION_FORMAT = "dwarf-with-dsym";
				ENABLE_NS_ASSERTIONS = NO;
				ENABLE_STRICT_OBJC_MSGSEND = YES;
				GCC_C_LANGUAGE_STANDARD = gnu11;
				GCC_NO_COMMON_BLOCKS = YES;
				GCC_WARN_64_TO_32_BIT_CONVERSION = YES;
				GCC_WARN_ABOUT_RETURN_TYPE = YES_ERROR;
				GCC_WARN_UNDECLARED_SELECTOR = YES;
				GCC_WARN_UNINITIALIZED_AUTOS = YES_AGGRESSIVE;
				GCC_WARN_UNUSED_FUNCTION = YES;
				GCC_WARN_UNUSED_VARIABLE = YES;
				IPHONEOS_DEPLOYMENT_TARGET = 11.2;
				MTL_ENABLE_DEBUG_INFO = NO;
				SDKROOT = iphoneos;
				SWIFT_OPTIMIZATION_LEVEL = "-Owholemodule";
				VALIDATE_PRODUCT = YES;
			};
			name = Release;
		};
		A9DE6CF92058F62000EF2D28 /* Debug */ = {
			isa = XCBuildConfiguration;
			baseConfigurationReference = 67D25536D336046B07A152C2 /* Pods-SZ_Swift_weibo.debug.xcconfig */;
			buildSettings = {
				ASSETCATALOG_COMPILER_APPICON_NAME = AppIcon;
				ASSETCATALOG_COMPILER_LAUNCHIMAGE_NAME = LaunchImage;
				CODE_SIGN_STYLE = Automatic;
				INFOPLIST_FILE = SZ_Swift_weibo/Info.plist;
				IPHONEOS_DEPLOYMENT_TARGET = 8.0;
				LD_RUNPATH_SEARCH_PATHS = "$(inherited) @executable_path/Frameworks";
				PRODUCT_BUNDLE_IDENTIFIER = "com.langyan.hbfs.SZ-Swift-weibo";
				PRODUCT_NAME = "$(TARGET_NAME)";
				SWIFT_OBJC_BRIDGING_HEADER = "SZ_Swift_weibo/Weibo-Bridge.h";
				SWIFT_VERSION = 4.0;
				TARGETED_DEVICE_FAMILY = "1,2";
			};
			name = Debug;
		};
		A9DE6CFA2058F62000EF2D28 /* Release */ = {
			isa = XCBuildConfiguration;
			baseConfigurationReference = A6E5B4C9F97F3DF55F344874 /* Pods-SZ_Swift_weibo.release.xcconfig */;
			buildSettings = {
				ASSETCATALOG_COMPILER_APPICON_NAME = AppIcon;
				ASSETCATALOG_COMPILER_LAUNCHIMAGE_NAME = LaunchImage;
				CODE_SIGN_STYLE = Automatic;
				INFOPLIST_FILE = SZ_Swift_weibo/Info.plist;
				IPHONEOS_DEPLOYMENT_TARGET = 8.0;
				LD_RUNPATH_SEARCH_PATHS = "$(inherited) @executable_path/Frameworks";
				PRODUCT_BUNDLE_IDENTIFIER = "com.langyan.hbfs.SZ-Swift-weibo";
				PRODUCT_NAME = "$(TARGET_NAME)";
				SWIFT_OBJC_BRIDGING_HEADER = "SZ_Swift_weibo/Weibo-Bridge.h";
				SWIFT_VERSION = 4.0;
				TARGETED_DEVICE_FAMILY = "1,2";
			};
			name = Release;
		};
		A9DE6CFC2058F62000EF2D28 /* Debug */ = {
			isa = XCBuildConfiguration;
			buildSettings = {
				ALWAYS_EMBED_SWIFT_STANDARD_LIBRARIES = YES;
				BUNDLE_LOADER = "$(TEST_HOST)";
				CODE_SIGN_STYLE = Automatic;
				INFOPLIST_FILE = SZ_Swift_weiboTests/Info.plist;
				LD_RUNPATH_SEARCH_PATHS = "$(inherited) @executable_path/Frameworks @loader_path/Frameworks";
				PRODUCT_BUNDLE_IDENTIFIER = "com.langyan.hbfs.SZ-Swift-weiboTests";
				PRODUCT_NAME = "$(TARGET_NAME)";
				SWIFT_VERSION = 4.0;
				TARGETED_DEVICE_FAMILY = "1,2";
				TEST_HOST = "$(BUILT_PRODUCTS_DIR)/SZ_Swift_weibo.app/SZ_Swift_weibo";
			};
			name = Debug;
		};
		A9DE6CFD2058F62000EF2D28 /* Release */ = {
			isa = XCBuildConfiguration;
			buildSettings = {
				ALWAYS_EMBED_SWIFT_STANDARD_LIBRARIES = YES;
				BUNDLE_LOADER = "$(TEST_HOST)";
				CODE_SIGN_STYLE = Automatic;
				INFOPLIST_FILE = SZ_Swift_weiboTests/Info.plist;
				LD_RUNPATH_SEARCH_PATHS = "$(inherited) @executable_path/Frameworks @loader_path/Frameworks";
				PRODUCT_BUNDLE_IDENTIFIER = "com.langyan.hbfs.SZ-Swift-weiboTests";
				PRODUCT_NAME = "$(TARGET_NAME)";
				SWIFT_VERSION = 4.0;
				TARGETED_DEVICE_FAMILY = "1,2";
				TEST_HOST = "$(BUILT_PRODUCTS_DIR)/SZ_Swift_weibo.app/SZ_Swift_weibo";
			};
			name = Release;
		};
		A9DE6CFF2058F62000EF2D28 /* Debug */ = {
			isa = XCBuildConfiguration;
			buildSettings = {
				ALWAYS_EMBED_SWIFT_STANDARD_LIBRARIES = YES;
				CODE_SIGN_STYLE = Automatic;
				INFOPLIST_FILE = SZ_Swift_weiboUITests/Info.plist;
				LD_RUNPATH_SEARCH_PATHS = "$(inherited) @executable_path/Frameworks @loader_path/Frameworks";
				PRODUCT_BUNDLE_IDENTIFIER = "com.langyan.hbfs.SZ-Swift-weiboUITests";
				PRODUCT_NAME = "$(TARGET_NAME)";
				SWIFT_VERSION = 4.0;
				TARGETED_DEVICE_FAMILY = "1,2";
				TEST_TARGET_NAME = SZ_Swift_weibo;
			};
			name = Debug;
		};
		A9DE6D002058F62000EF2D28 /* Release */ = {
			isa = XCBuildConfiguration;
			buildSettings = {
				ALWAYS_EMBED_SWIFT_STANDARD_LIBRARIES = YES;
				CODE_SIGN_STYLE = Automatic;
				INFOPLIST_FILE = SZ_Swift_weiboUITests/Info.plist;
				LD_RUNPATH_SEARCH_PATHS = "$(inherited) @executable_path/Frameworks @loader_path/Frameworks";
				PRODUCT_BUNDLE_IDENTIFIER = "com.langyan.hbfs.SZ-Swift-weiboUITests";
				PRODUCT_NAME = "$(TARGET_NAME)";
				SWIFT_VERSION = 4.0;
				TARGETED_DEVICE_FAMILY = "1,2";
				TEST_TARGET_NAME = SZ_Swift_weibo;
			};
			name = Release;
		};
/* End XCBuildConfiguration section */

/* Begin XCConfigurationList section */
		A9DE6CCB2058F62000EF2D28 /* Build configuration list for PBXProject "SZ_Swift_weibo" */ = {
			isa = XCConfigurationList;
			buildConfigurations = (
				A9DE6CF62058F62000EF2D28 /* Debug */,
				A9DE6CF72058F62000EF2D28 /* Release */,
			);
			defaultConfigurationIsVisible = 0;
			defaultConfigurationName = Release;
		};
		A9DE6CF82058F62000EF2D28 /* Build configuration list for PBXNativeTarget "SZ_Swift_weibo" */ = {
			isa = XCConfigurationList;
			buildConfigurations = (
				A9DE6CF92058F62000EF2D28 /* Debug */,
				A9DE6CFA2058F62000EF2D28 /* Release */,
			);
			defaultConfigurationIsVisible = 0;
			defaultConfigurationName = Release;
		};
		A9DE6CFB2058F62000EF2D28 /* Build configuration list for PBXNativeTarget "SZ_Swift_weiboTests" */ = {
			isa = XCConfigurationList;
			buildConfigurations = (
				A9DE6CFC2058F62000EF2D28 /* Debug */,
				A9DE6CFD2058F62000EF2D28 /* Release */,
			);
			defaultConfigurationIsVisible = 0;
			defaultConfigurationName = Release;
		};
		A9DE6CFE2058F62000EF2D28 /* Build configuration list for PBXNativeTarget "SZ_Swift_weiboUITests" */ = {
			isa = XCConfigurationList;
			buildConfigurations = (
				A9DE6CFF2058F62000EF2D28 /* Debug */,
				A9DE6D002058F62000EF2D28 /* Release */,
			);
			defaultConfigurationIsVisible = 0;
			defaultConfigurationName = Release;
		};
/* End XCConfigurationList section */
	};
	rootObject = A9DE6CC82058F62000EF2D28 /* Project object */;
}
